// !$*UTF8*$!
{
	archiveVersion = 1;
	classes = {
	};
	objectVersion = 46;
	objects = {

/* Begin PBXBuildFile section */
		D616AE9E1BB7D27300F279EC /* PlaylistController.swift in Sources */ = {isa = PBXBuildFile; fileRef = D616AE9D1BB7D27300F279EC /* PlaylistController.swift */; };
		D616AEA01BB7ECDA00F279EC /* YoutubeViewController.swift in Sources */ = {isa = PBXBuildFile; fileRef = D616AE9F1BB7ECDA00F279EC /* YoutubeViewController.swift */; };
		D6E0786E1B24200000AE0DA0 /* AppDelegate.swift in Sources */ = {isa = PBXBuildFile; fileRef = D6E0786D1B24200000AE0DA0 /* AppDelegate.swift */; };
		D6E078731B24200000AE0DA0 /* Main.storyboard in Resources */ = {isa = PBXBuildFile; fileRef = D6E078711B24200000AE0DA0 /* Main.storyboard */; };
		D6E078751B24200000AE0DA0 /* Images.xcassets in Resources */ = {isa = PBXBuildFile; fileRef = D6E078741B24200000AE0DA0 /* Images.xcassets */; };
		D6E078781B24200000AE0DA0 /* LaunchScreen.xib in Resources */ = {isa = PBXBuildFile; fileRef = D6E078761B24200000AE0DA0 /* LaunchScreen.xib */; };
		D6E078841B24200000AE0DA0 /* alkwangjuTests.swift in Sources */ = {isa = PBXBuildFile; fileRef = D6E078831B24200000AE0DA0 /* alkwangjuTests.swift */; };
		D6E078AA1B242A5F00AE0DA0 /* MediaPlayer.framework in Frameworks */ = {isa = PBXBuildFile; fileRef = D6E078A91B242A5F00AE0DA0 /* MediaPlayer.framework */; };
		D6ED4D9E1B40FA7D005FFBB5 /* Constants.swift in Sources */ = {isa = PBXBuildFile; fileRef = D6ED4D9D1B40FA7D005FFBB5 /* Constants.swift */; };
		D6ED4DC61B41248E005FFBB5 /* icon48.png in Resources */ = {isa = PBXBuildFile; fileRef = D6ED4DC51B41248E005FFBB5 /* icon48.png */; };
		D6ED4DCB1B4125DD005FFBB5 /* icon@120.png in Resources */ = {isa = PBXBuildFile; fileRef = D6ED4DC91B4125DD005FFBB5 /* icon@120.png */; };
		D6ED4DCC1B4125DD005FFBB5 /* icon80.png in Resources */ = {isa = PBXBuildFile; fileRef = D6ED4DCA1B4125DD005FFBB5 /* icon80.png */; };
		D6ED4DCE1B41263C005FFBB5 /* icon@87.png in Resources */ = {isa = PBXBuildFile; fileRef = D6ED4DCD1B41263C005FFBB5 /* icon@87.png */; };
		D6ED4DD01B41267F005FFBB5 /* icon@180.png in Resources */ = {isa = PBXBuildFile; fileRef = D6ED4DCF1B41267F005FFBB5 /* icon@180.png */; };
		D6ED4DDC1B412B50005FFBB5 /* icon58.png in Resources */ = {isa = PBXBuildFile; fileRef = D6ED4DDB1B412B50005FFBB5 /* icon58.png */; };
		D6ED4DDE1B412B8A005FFBB5 /* icon29.png in Resources */ = {isa = PBXBuildFile; fileRef = D6ED4DDD1B412B8A005FFBB5 /* icon29.png */; };
		D6ED4DE01B412BD1005FFBB5 /* icon40.png in Resources */ = {isa = PBXBuildFile; fileRef = D6ED4DDF1B412BD1005FFBB5 /* icon40.png */; };
		D6ED4DE31B412C62005FFBB5 /* icon76.png in Resources */ = {isa = PBXBuildFile; fileRef = D6ED4DE11B412C62005FFBB5 /* icon76.png */; };
		D6ED4DE41B412C62005FFBB5 /* icon152.png in Resources */ = {isa = PBXBuildFile; fileRef = D6ED4DE21B412C62005FFBB5 /* icon152.png */; };
		D6ED4DE61B41321D005FFBB5 /* splash.png in Resources */ = {isa = PBXBuildFile; fileRef = D6ED4DE51B41321D005FFBB5 /* splash.png */; };
/* End PBXBuildFile section */

/* Begin PBXContainerItemProxy section */
		D6E0787E1B24200000AE0DA0 /* PBXContainerItemProxy */ = {
			isa = PBXContainerItemProxy;
			containerPortal = D6E078601B241FFF00AE0DA0 /* Project object */;
			proxyType = 1;
			remoteGlobalIDString = D6E078671B241FFF00AE0DA0;
			remoteInfo = alkwangju;
		};
/* End PBXContainerItemProxy section */

/* Begin PBXFileReference section */
		D616AE9D1BB7D27300F279EC /* PlaylistController.swift */ = {isa = PBXFileReference; fileEncoding = 4; lastKnownFileType = sourcecode.swift; path = PlaylistController.swift; sourceTree = "<group>"; };
		D616AE9F1BB7ECDA00F279EC /* YoutubeViewController.swift */ = {isa = PBXFileReference; fileEncoding = 4; lastKnownFileType = sourcecode.swift; path = YoutubeViewController.swift; sourceTree = "<group>"; };
		D6E078681B241FFF00AE0DA0 /* alkwangju.app */ = {isa = PBXFileReference; explicitFileType = wrapper.application; includeInIndex = 0; path = alkwangju.app; sourceTree = BUILT_PRODUCTS_DIR; };
		D6E0786C1B24200000AE0DA0 /* Info.plist */ = {isa = PBXFileReference; lastKnownFileType = text.plist.xml; path = Info.plist; sourceTree = "<group>"; };
		D6E0786D1B24200000AE0DA0 /* AppDelegate.swift */ = {isa = PBXFileReference; lastKnownFileType = sourcecode.swift; path = AppDelegate.swift; sourceTree = "<group>"; };
		D6E078721B24200000AE0DA0 /* Base */ = {isa = PBXFileReference; lastKnownFileType = file.storyboard; name = Base; path = Base.lproj/Main.storyboard; sourceTree = "<group>"; };
		D6E078741B24200000AE0DA0 /* Images.xcassets */ = {isa = PBXFileReference; lastKnownFileType = folder.assetcatalog; path = Images.xcassets; sourceTree = "<group>"; };
		D6E078771B24200000AE0DA0 /* Base */ = {isa = PBXFileReference; lastKnownFileType = file.xib; name = Base; path = Base.lproj/LaunchScreen.xib; sourceTree = "<group>"; };
		D6E0787D1B24200000AE0DA0 /* alkwangjuTests.xctest */ = {isa = PBXFileReference; explicitFileType = wrapper.cfbundle; includeInIndex = 0; path = alkwangjuTests.xctest; sourceTree = BUILT_PRODUCTS_DIR; };
		D6E078821B24200000AE0DA0 /* Info.plist */ = {isa = PBXFileReference; lastKnownFileType = text.plist.xml; path = Info.plist; sourceTree = "<group>"; };
		D6E078831B24200000AE0DA0 /* alkwangjuTests.swift */ = {isa = PBXFileReference; lastKnownFileType = sourcecode.swift; path = alkwangjuTests.swift; sourceTree = "<group>"; };
		D6E078A91B242A5F00AE0DA0 /* MediaPlayer.framework */ = {isa = PBXFileReference; lastKnownFileType = wrapper.framework; name = MediaPlayer.framework; path = System/Library/Frameworks/MediaPlayer.framework; sourceTree = SDKROOT; };
		D6ED4D9D1B40FA7D005FFBB5 /* Constants.swift */ = {isa = PBXFileReference; fileEncoding = 4; lastKnownFileType = sourcecode.swift; path = Constants.swift; sourceTree = "<group>"; };
		D6ED4DC51B41248E005FFBB5 /* icon48.png */ = {isa = PBXFileReference; lastKnownFileType = image.png; path = icon48.png; sourceTree = "<group>"; };
		D6ED4DC91B4125DD005FFBB5 /* icon@120.png */ = {isa = PBXFileReference; lastKnownFileType = image.png; path = "icon@120.png"; sourceTree = "<group>"; };
		D6ED4DCA1B4125DD005FFBB5 /* icon80.png */ = {isa = PBXFileReference; lastKnownFileType = image.png; path = icon80.png; sourceTree = "<group>"; };
		D6ED4DCD1B41263C005FFBB5 /* icon@87.png */ = {isa = PBXFileReference; lastKnownFileType = image.png; path = "icon@87.png"; sourceTree = "<group>"; };
		D6ED4DCF1B41267F005FFBB5 /* icon@180.png */ = {isa = PBXFileReference; lastKnownFileType = image.png; path = "icon@180.png"; sourceTree = "<group>"; };
		D6ED4DDB1B412B50005FFBB5 /* icon58.png */ = {isa = PBXFileReference; lastKnownFileType = image.png; path = icon58.png; sourceTree = "<group>"; };
		D6ED4DDD1B412B8A005FFBB5 /* icon29.png */ = {isa = PBXFileReference; lastKnownFileType = image.png; path = icon29.png; sourceTree = "<group>"; };
		D6ED4DDF1B412BD1005FFBB5 /* icon40.png */ = {isa = PBXFileReference; lastKnownFileType = image.png; path = icon40.png; sourceTree = "<group>"; };
		D6ED4DE11B412C62005FFBB5 /* icon76.png */ = {isa = PBXFileReference; lastKnownFileType = image.png; path = icon76.png; sourceTree = "<group>"; };
		D6ED4DE21B412C62005FFBB5 /* icon152.png */ = {isa = PBXFileReference; lastKnownFileType = image.png; path = icon152.png; sourceTree = "<group>"; };
		D6ED4DE51B41321D005FFBB5 /* splash.png */ = {isa = PBXFileReference; lastKnownFileType = image.png; path = splash.png; sourceTree = "<group>"; };
/* End PBXFileReference section */

/* Begin PBXFrameworksBuildPhase section */
		D6E078651B241FFF00AE0DA0 /* Frameworks */ = {
			isa = PBXFrameworksBuildPhase;
			buildActionMask = 2147483647;
			files = (
				D6E078AA1B242A5F00AE0DA0 /* MediaPlayer.framework in Frameworks */,
			);
			runOnlyForDeploymentPostprocessing = 0;
		};
		D6E0787A1B24200000AE0DA0 /* Frameworks */ = {
			isa = PBXFrameworksBuildPhase;
			buildActionMask = 2147483647;
			files = (
			);
			runOnlyForDeploymentPostprocessing = 0;
		};
/* End PBXFrameworksBuildPhase section */

/* Begin PBXGroup section */
		D6E0785F1B241FFF00AE0DA0 = {
			isa = PBXGroup;
			children = (
				D6E078A91B242A5F00AE0DA0 /* MediaPlayer.framework */,
				D6E0786A1B241FFF00AE0DA0 /* alkwangju */,
				D6E078801B24200000AE0DA0 /* alkwangjuTests */,
				D6E078691B241FFF00AE0DA0 /* Products */,
			);
			sourceTree = "<group>";
		};
		D6E078691B241FFF00AE0DA0 /* Products */ = {
			isa = PBXGroup;
			children = (
				D6E078681B241FFF00AE0DA0 /* alkwangju.app */,
				D6E0787D1B24200000AE0DA0 /* alkwangjuTests.xctest */,
			);
			name = Products;
			sourceTree = "<group>";
		};
		D6E0786A1B241FFF00AE0DA0 /* alkwangju */ = {
			isa = PBXGroup;
			children = (
				D6E0786D1B24200000AE0DA0 /* AppDelegate.swift */,
				D616AE9D1BB7D27300F279EC /* PlaylistController.swift */,
				D616AE9F1BB7ECDA00F279EC /* YoutubeViewController.swift */,
				D6E078711B24200000AE0DA0 /* Main.storyboard */,
				D6E078741B24200000AE0DA0 /* Images.xcassets */,
				D6E078761B24200000AE0DA0 /* LaunchScreen.xib */,
				D6E0786B1B24200000AE0DA0 /* Supporting Files */,
				D6ED4D9D1B40FA7D005FFBB5 /* Constants.swift */,
			);
			path = alkwangju;
			sourceTree = "<group>";
		};
		D6E0786B1B24200000AE0DA0 /* Supporting Files */ = {
			isa = PBXGroup;
			children = (
				D6ED4DC91B4125DD005FFBB5 /* icon@120.png */,
				D6ED4DCA1B4125DD005FFBB5 /* icon80.png */,
				D6ED4DCF1B41267F005FFBB5 /* icon@180.png */,
				D6ED4DDD1B412B8A005FFBB5 /* icon29.png */,
				D6ED4DDB1B412B50005FFBB5 /* icon58.png */,
				D6ED4DE11B412C62005FFBB5 /* icon76.png */,
				D6ED4DE21B412C62005FFBB5 /* icon152.png */,
				D6ED4DE51B41321D005FFBB5 /* splash.png */,
				D6ED4DDF1B412BD1005FFBB5 /* icon40.png */,
				D6ED4DCD1B41263C005FFBB5 /* icon@87.png */,
				D6ED4DC51B41248E005FFBB5 /* icon48.png */,
				D6E0786C1B24200000AE0DA0 /* Info.plist */,
			);
			name = "Supporting Files";
			sourceTree = "<group>";
		};
		D6E078801B24200000AE0DA0 /* alkwangjuTests */ = {
			isa = PBXGroup;
			children = (
				D6E078831B24200000AE0DA0 /* alkwangjuTests.swift */,
				D6E078811B24200000AE0DA0 /* Supporting Files */,
			);
			path = alkwangjuTests;
			sourceTree = "<group>";
		};
		D6E078811B24200000AE0DA0 /* Supporting Files */ = {
			isa = PBXGroup;
			children = (
				D6E078821B24200000AE0DA0 /* Info.plist */,
			);
			name = "Supporting Files";
			sourceTree = "<group>";
		};
/* End PBXGroup section */

/* Begin PBXNativeTarget section */
		D6E078671B241FFF00AE0DA0 /* alkwangju */ = {
			isa = PBXNativeTarget;
			buildConfigurationList = D6E078871B24200000AE0DA0 /* Build configuration list for PBXNativeTarget "alkwangju" */;
			buildPhases = (
				D6E078641B241FFF00AE0DA0 /* Sources */,
				D6E078651B241FFF00AE0DA0 /* Frameworks */,
				D6E078661B241FFF00AE0DA0 /* Resources */,
			);
			buildRules = (
			);
			dependencies = (
			);
			name = alkwangju;
			productName = alkwangju;
			productReference = D6E078681B241FFF00AE0DA0 /* alkwangju.app */;
			productType = "com.apple.product-type.application";
		};
		D6E0787C1B24200000AE0DA0 /* alkwangjuTests */ = {
			isa = PBXNativeTarget;
			buildConfigurationList = D6E0788A1B24200000AE0DA0 /* Build configuration list for PBXNativeTarget "alkwangjuTests" */;
			buildPhases = (
				D6E078791B24200000AE0DA0 /* Sources */,
				D6E0787A1B24200000AE0DA0 /* Frameworks */,
				D6E0787B1B24200000AE0DA0 /* Resources */,
			);
			buildRules = (
			);
			dependencies = (
				D6E0787F1B24200000AE0DA0 /* PBXTargetDependency */,
			);
			name = alkwangjuTests;
			productName = alkwangjuTests;
			productReference = D6E0787D1B24200000AE0DA0 /* alkwangjuTests.xctest */;
			productType = "com.apple.product-type.bundle.unit-test";
		};
/* End PBXNativeTarget section */

/* Begin PBXProject section */
		D6E078601B241FFF00AE0DA0 /* Project object */ = {
			isa = PBXProject;
			attributes = {
				LastUpgradeCheck = 0610;
				ORGANIZATIONNAME = "Kovloq Technologies";
				TargetAttributes = {
					D6E078671B241FFF00AE0DA0 = {
						CreatedOnToolsVersion = 6.1.1;
						DevelopmentTeam = V3235F59K4;
					};
					D6E0787C1B24200000AE0DA0 = {
						CreatedOnToolsVersion = 6.1.1;
						TestTargetID = D6E078671B241FFF00AE0DA0;
					};
				};
			};
			buildConfigurationList = D6E078631B241FFF00AE0DA0 /* Build configuration list for PBXProject "alkwangju" */;
			compatibilityVersion = "Xcode 3.2";
			developmentRegion = English;
			hasScannedForEncodings = 0;
			knownRegions = (
				en,
				Base,
			);
			mainGroup = D6E0785F1B241FFF00AE0DA0;
			productRefGroup = D6E078691B241FFF00AE0DA0 /* Products */;
			projectDirPath = "";
			projectRoot = "";
			targets = (
				D6E078671B241FFF00AE0DA0 /* alkwangju */,
				D6E0787C1B24200000AE0DA0 /* alkwangjuTests */,
			);
		};
/* End PBXProject section */

/* Begin PBXResourcesBuildPhase section */
		D6E078661B241FFF00AE0DA0 /* Resources */ = {
			isa = PBXResourcesBuildPhase;
			buildActionMask = 2147483647;
			files = (
				D6ED4DCE1B41263C005FFBB5 /* icon@87.png in Resources */,
				D6ED4DD01B41267F005FFBB5 /* icon@180.png in Resources */,
				D6ED4DCC1B4125DD005FFBB5 /* icon80.png in Resources */,
				D6E078731B24200000AE0DA0 /* Main.storyboard in Resources */,
				D6ED4DE41B412C62005FFBB5 /* icon152.png in Resources */,
				D6E078781B24200000AE0DA0 /* LaunchScreen.xib in Resources */,
				D6ED4DCB1B4125DD005FFBB5 /* icon@120.png in Resources */,
				D6ED4DC61B41248E005FFBB5 /* icon48.png in Resources */,
				D6ED4DE61B41321D005FFBB5 /* splash.png in Resources */,
				D6E078751B24200000AE0DA0 /* Images.xcassets in Resources */,
				D6ED4DDE1B412B8A005FFBB5 /* icon29.png in Resources */,
				D6ED4DE01B412BD1005FFBB5 /* icon40.png in Resources */,
				D6ED4DE31B412C62005FFBB5 /* icon76.png in Resources */,
				D6ED4DDC1B412B50005FFBB5 /* icon58.png in Resources */,
			);
			runOnlyForDeploymentPostprocessing = 0;
		};
		D6E0787B1B24200000AE0DA0 /* Resources */ = {
			isa = PBXResourcesBuildPhase;
			buildActionMask = 2147483647;
			files = (
			);
			runOnlyForDeploymentPostprocessing = 0;
		};
/* End PBXResourcesBuildPhase section */

/* Begin PBXSourcesBuildPhase section */
		D6E078641B241FFF00AE0DA0 /* Sources */ = {
			isa = PBXSourcesBuildPhase;
			buildActionMask = 2147483647;
			files = (
				D6E0786E1B24200000AE0DA0 /* AppDelegate.swift in Sources */,
				D616AE9E1BB7D27300F279EC /* PlaylistController.swift in Sources */,
				D616AEA01BB7ECDA00F279EC /* YoutubeViewController.swift in Sources */,
				D6ED4D9E1B40FA7D005FFBB5 /* Constants.swift in Sources */,
			);
			runOnlyForDeploymentPostprocessing = 0;
		};
		D6E078791B24200000AE0DA0 /* Sources */ = {
			isa = PBXSourcesBuildPhase;
			buildActionMask = 2147483647;
			files = (
				D6E078841B24200000AE0DA0 /* alkwangjuTests.swift in Sources */,
			);
			runOnlyForDeploymentPostprocessing = 0;
		};
/* End PBXSourcesBuildPhase section */

/* Begin PBXTargetDependency section */
		D6E0787F1B24200000AE0DA0 /* PBXTargetDependency */ = {
			isa = PBXTargetDependency;
			target = D6E078671B241FFF00AE0DA0 /* alkwangju */;
			targetProxy = D6E0787E1B24200000AE0DA0 /* PBXContainerItemProxy */;
		};
/* End PBXTargetDependency section */

/* Begin PBXVariantGroup section */
		D6E078711B24200000AE0DA0 /* Main.storyboard */ = {
			isa = PBXVariantGroup;
			children = (
				D6E078721B24200000AE0DA0 /* Base */,
			);
			name = Main.storyboard;
			sourceTree = "<group>";
		};
		D6E078761B24200000AE0DA0 /* LaunchScreen.xib */ = {
			isa = PBXVariantGroup;
			children = (
				D6E078771B24200000AE0DA0 /* Base */,
			);
			name = LaunchScreen.xib;
			sourceTree = "<group>";
		};
/* End PBXVariantGroup section */

/* Begin XCBuildConfiguration section */
		D6E078851B24200000AE0DA0 /* Debug */ = {
			isa = XCBuildConfiguration;
			buildSettings = {
				ALWAYS_SEARCH_USER_PATHS = NO;
				CLANG_CXX_LANGUAGE_STANDARD = "gnu++0x";
				CLANG_CXX_LIBRARY = "libc++";
				CLANG_ENABLE_MODULES = YES;
				CLANG_ENABLE_OBJC_ARC = YES;
				CLANG_WARN_BOOL_CONVERSION = YES;
				CLANG_WARN_CONSTANT_CONVERSION = YES;
				CLANG_WARN_DIRECT_OBJC_ISA_USAGE = YES_ERROR;
				CLANG_WARN_EMPTY_BODY = YES;
				CLANG_WARN_ENUM_CONVERSION = YES;
				CLANG_WARN_INT_CONVERSION = YES;
				CLANG_WARN_OBJC_ROOT_CLASS = YES_ERROR;
				CLANG_WARN_UNREACHABLE_CODE = YES;
				CLANG_WARN__DUPLICATE_METHOD_MATCH = YES;
				"CODE_SIGN_IDENTITY[sdk=iphoneos*]" = "iPhone Developer";
				COPY_PHASE_STRIP = NO;
				ENABLE_STRICT_OBJC_MSGSEND = YES;
				GCC_C_LANGUAGE_STANDARD = gnu99;
				GCC_DYNAMIC_NO_PIC = NO;
				GCC_OPTIMIZATION_LEVEL = 0;
				GCC_PREPROCESSOR_DEFINITIONS = (
					"DEBUG=1",
					"$(inherited)",
				);
				GCC_SYMBOLS_PRIVATE_EXTERN = NO;
				GCC_WARN_64_TO_32_BIT_CONVERSION = YES;
				GCC_WARN_ABOUT_RETURN_TYPE = YES_ERROR;
				GCC_WARN_UNDECLARED_SELECTOR = YES;
				GCC_WARN_UNINITIALIZED_AUTOS = YES_AGGRESSIVE;
				GCC_WARN_UNUSED_FUNCTION = YES;
				GCC_WARN_UNUSED_VARIABLE = YES;
				IPHONEOS_DEPLOYMENT_TARGET = 8.1;
				MTL_ENABLE_DEBUG_INFO = YES;
				ONLY_ACTIVE_ARCH = YES;
				SDKROOT = iphoneos;
				SWIFT_OPTIMIZATION_LEVEL = "-Onone";
				TARGETED_DEVICE_FAMILY = "1,2";
			};
			name = Debug;
		};
		D6E078861B24200000AE0DA0 /* Release */ = {
			isa = XCBuildConfiguration;
			buildSettings = {
				ALWAYS_SEARCH_USER_PATHS = NO;
				CLANG_CXX_LANGUAGE_STANDARD = "gnu++0x";
				CLANG_CXX_LIBRARY = "libc++";
				CLANG_ENABLE_MODULES = YES;
				CLANG_ENABLE_OBJC_ARC = YES;
				CLANG_WARN_BOOL_CONVERSION = YES;
				CLANG_WARN_CONSTANT_CONVERSION = YES;
				CLANG_WARN_DIRECT_OBJC_ISA_USAGE = YES_ERROR;
				CLANG_WARN_EMPTY_BODY = YES;
				CLANG_WARN_ENUM_CONVERSION = YES;
				CLANG_WARN_INT_CONVERSION = YES;
				CLANG_WARN_OBJC_ROOT_CLASS = YES_ERROR;
				CLANG_WARN_UNREACHABLE_CODE = YES;
				CLANG_WARN__DUPLICATE_METHOD_MATCH = YES;
				"CODE_SIGN_IDENTITY[sdk=iphoneos*]" = "iPhone Developer";
				COPY_PHASE_STRIP = YES;
				ENABLE_NS_ASSERTIONS = NO;
				ENABLE_STRICT_OBJC_MSGSEND = YES;
				GCC_C_LANGUAGE_STANDARD = gnu99;
				GCC_WARN_64_TO_32_BIT_CONVERSION = YES;
				GCC_WARN_ABOUT_RETURN_TYPE = YES_ERROR;
				GCC_WARN_UNDECLARED_SELECTOR = YES;
				GCC_WARN_UNINITIALIZED_AUTOS = YES_AGGRESSIVE;
				GCC_WARN_UNUSED_FUNCTION = YES;
				GCC_WARN_UNUSED_VARIABLE = YES;
				IPHONEOS_DEPLOYMENT_TARGET = 8.1;
				MTL_ENABLE_DEBUG_INFO = NO;
				SDKROOT = iphoneos;
				TARGETED_DEVICE_FAMILY = "1,2";
				VALIDATE_PRODUCT = YES;
			};
			name = Release;
		};
		D6E078881B24200000AE0DA0 /* Debug */ = {
			isa = XCBuildConfiguration;
			buildSettings = {
				ASSETCATALOG_COMPILER_APPICON_NAME = AppIcon;
				CODE_SIGN_IDENTITY = "iPhone Developer";
				"CODE_SIGN_IDENTITY[sdk=iphoneos*]" = "iPhone Developer";
				INFOPLIST_FILE = alkwangju/Info.plist;
				LD_RUNPATH_SEARCH_PATHS = "$(inherited) @executable_path/Frameworks";
				PRODUCT_NAME = "$(TARGET_NAME)";
				PROVISIONING_PROFILE = "";
			};
			name = Debug;
		};
		D6E078891B24200000AE0DA0 /* Release */ = {
			isa = XCBuildConfiguration;
			buildSettings = {
				ASSETCATALOG_COMPILER_APPICON_NAME = AppIcon;
				CODE_SIGN_IDENTITY = "iPhone Developer";
				"CODE_SIGN_IDENTITY[sdk=iphoneos*]" = "iPhone Developer";
				INFOPLIST_FILE = alkwangju/Info.plist;
				LD_RUNPATH_SEARCH_PATHS = "$(inherited) @executable_path/Frameworks";
				PRODUCT_NAME = "$(TARGET_NAME)";
				PROVISIONING_PROFILE = "";
			};
			name = Release;
		};
		D6E0788B1B24200000AE0DA0 /* Debug */ = {
			isa = XCBuildConfiguration;
			buildSettings = {
				BUNDLE_LOADER = "$(TEST_HOST)";
				FRAMEWORK_SEARCH_PATHS = (
					"$(SDKROOT)/Developer/Library/Frameworks",
					"$(inherited)",
				);
				GCC_PREPROCESSOR_DEFINITIONS = (
					"DEBUG=1",
					"$(inherited)",
				);
				INFOPLIST_FILE = alkwangjuTests/Info.plist;
				LD_RUNPATH_SEARCH_PATHS = "$(inherited) @executable_path/Frameworks @loader_path/Frameworks";
				PRODUCT_NAME = "$(TARGET_NAME)";
				TEST_HOST = "$(BUILT_PRODUCTS_DIR)/alkwangju.app/alkwangju";
			};
			name = Debug;
		};
		D6E0788C1B24200000AE0DA0 /* Release */ = {
			isa = XCBuildConfiguration;
			buildSettings = {
				BUNDLE_LOADER = "$(TEST_HOST)";
				FRAMEWORK_SEARCH_PATHS = (
					"$(SDKROOT)/Developer/Library/Frameworks",
					"$(inherited)",
				);
				INFOPLIST_FILE = alkwangjuTests/Info.plist;
				LD_RUNPATH_SEARCH_PATHS = "$(inherited) @executable_path/Frameworks @loader_path/Frameworks";
				PRODUCT_NAME = "$(TARGET_NAME)";
				TEST_HOST = "$(BUILT_PRODUCTS_DIR)/alkwangju.app/alkwangju";
			};
			name = Release;
		};
/* End XCBuildConfiguration section */

/* Begin XCConfigurationList section */
		D6E078631B241FFF00AE0DA0 /* Build configuration list for PBXProject "alkwangju" */ = {
			isa = XCConfigurationList;
			buildConfigurations = (
				D6E078851B24200000AE0DA0 /* Debug */,
				D6E078861B24200000AE0DA0 /* Release */,
			);
			defaultConfigurationIsVisible = 0;
			defaultConfigurationName = Release;
		};
		D6E078871B24200000AE0DA0 /* Build configuration list for PBXNativeTarget "alkwangju" */ = {
			isa = XCConfigurationList;
			buildConfigurations = (
				D6E078881B24200000AE0DA0 /* Debug */,
				D6E078891B24200000AE0DA0 /* Release */,
			);
			defaultConfigurationIsVisible = 0;
			defaultConfigurationName = Release;
		};
		D6E0788A1B24200000AE0DA0 /* Build configuration list for PBXNativeTarget "alkwangjuTests" */ = {
			isa = XCConfigurationList;
			buildConfigurations = (
				D6E0788B1B24200000AE0DA0 /* Debug */,
				D6E0788C1B24200000AE0DA0 /* Release */,
			);
			defaultConfigurationIsVisible = 0;
			defaultConfigurationName = Release;
		};
/* End XCConfigurationList section */
	};
	rootObject = D6E078601B241FFF00AE0DA0 /* Project object */;
}
